// !$*UTF8*$!
{
	archiveVersion = 1;
	classes = {
	};
	objectVersion = 50;
	objects = {

/* Begin PBXBuildFile section */
		8456F309237ED3A7003E12F8 /* AppDelegate.swift in Sources */ = {isa = PBXBuildFile; fileRef = 8456F308237ED3A7003E12F8 /* AppDelegate.swift */; };
		8456F30B237ED3A7003E12F8 /* SceneDelegate.swift in Sources */ = {isa = PBXBuildFile; fileRef = 8456F30A237ED3A7003E12F8 /* SceneDelegate.swift */; };
		8456F30D237ED3A7003E12F8 /* ViewController.swift in Sources */ = {isa = PBXBuildFile; fileRef = 8456F30C237ED3A7003E12F8 /* ViewController.swift */; };
		8456F310237ED3A8003E12F8 /* Main.storyboard in Resources */ = {isa = PBXBuildFile; fileRef = 8456F30E237ED3A8003E12F8 /* Main.storyboard */; };
		8456F312237ED3AB003E12F8 /* Assets.xcassets in Resources */ = {isa = PBXBuildFile; fileRef = 8456F311237ED3AB003E12F8 /* Assets.xcassets */; };
		8456F315237ED3AB003E12F8 /* LaunchScreen.storyboard in Resources */ = {isa = PBXBuildFile; fileRef = 8456F313237ED3AB003E12F8 /* LaunchScreen.storyboard */; };
		84D6ECC32381332B004D33F7 /* CharacterCell.swift in Sources */ = {isa = PBXBuildFile; fileRef = 84D6ECC22381332B004D33F7 /* CharacterCell.swift */; };
		84D6ECC523813870004D33F7 /* ApiInfo.swift in Sources */ = {isa = PBXBuildFile; fileRef = 84D6ECC423813870004D33F7 /* ApiInfo.swift */; };
		84D6ECC72381395A004D33F7 /* CharacterInfo.swift in Sources */ = {isa = PBXBuildFile; fileRef = 84D6ECC62381395A004D33F7 /* CharacterInfo.swift */; };
		84D6ECC923813A8B004D33F7 /* PageInfo.swift in Sources */ = {isa = PBXBuildFile; fileRef = 84D6ECC823813A8B004D33F7 /* PageInfo.swift */; };
		84F68E672382C31B001FFF08 /* CharacterInfoVC.swift in Sources */ = {isa = PBXBuildFile; fileRef = 84F68E662382C31B001FFF08 /* CharacterInfoVC.swift */; };
		84F68E692382C764001FFF08 /* EpisodeInfo.swift in Sources */ = {isa = PBXBuildFile; fileRef = 84F68E682382C764001FFF08 /* EpisodeInfo.swift */; };
		84F68E6B2382C99A001FFF08 /* EpisodeCell.swift in Sources */ = {isa = PBXBuildFile; fileRef = 84F68E6A2382C99A001FFF08 /* EpisodeCell.swift */; };
/* End PBXBuildFile section */

/* Begin PBXFileReference section */
		8456F305237ED3A7003E12F8 /* RickAndMortyApp.app */ = {isa = PBXFileReference; explicitFileType = wrapper.application; includeInIndex = 0; path = RickAndMortyApp.app; sourceTree = BUILT_PRODUCTS_DIR; };
		8456F308237ED3A7003E12F8 /* AppDelegate.swift */ = {isa = PBXFileReference; lastKnownFileType = sourcecode.swift; path = AppDelegate.swift; sourceTree = "<group>"; };
		8456F30A237ED3A7003E12F8 /* SceneDelegate.swift */ = {isa = PBXFileReference; lastKnownFileType = sourcecode.swift; path = SceneDelegate.swift; sourceTree = "<group>"; };
		8456F30C237ED3A7003E12F8 /* ViewController.swift */ = {isa = PBXFileReference; lastKnownFileType = sourcecode.swift; path = ViewController.swift; sourceTree = "<group>"; };
		8456F30F237ED3A8003E12F8 /* Base */ = {isa = PBXFileReference; lastKnownFileType = file.storyboard; name = Base; path = Base.lproj/Main.storyboard; sourceTree = "<group>"; };
		8456F311237ED3AB003E12F8 /* Assets.xcassets */ = {isa = PBXFileReference; lastKnownFileType = folder.assetcatalog; path = Assets.xcassets; sourceTree = "<group>"; };
		8456F314237ED3AB003E12F8 /* Base */ = {isa = PBXFileReference; lastKnownFileType = file.storyboard; name = Base; path = Base.lproj/LaunchScreen.storyboard; sourceTree = "<group>"; };
		8456F316237ED3AB003E12F8 /* Info.plist */ = {isa = PBXFileReference; lastKnownFileType = text.plist.xml; path = Info.plist; sourceTree = "<group>"; };
		84D6ECC22381332B004D33F7 /* CharacterCell.swift */ = {isa = PBXFileReference; lastKnownFileType = sourcecode.swift; path = CharacterCell.swift; sourceTree = "<group>"; };
		84D6ECC423813870004D33F7 /* ApiInfo.swift */ = {isa = PBXFileReference; lastKnownFileType = sourcecode.swift; path = ApiInfo.swift; sourceTree = "<group>"; };
		84D6ECC62381395A004D33F7 /* CharacterInfo.swift */ = {isa = PBXFileReference; lastKnownFileType = sourcecode.swift; path = CharacterInfo.swift; sourceTree = "<group>"; };
		84D6ECC823813A8B004D33F7 /* PageInfo.swift */ = {isa = PBXFileReference; lastKnownFileType = sourcecode.swift; path = PageInfo.swift; sourceTree = "<group>"; };
		84F68E662382C31B001FFF08 /* CharacterInfoVC.swift */ = {isa = PBXFileReference; lastKnownFileType = sourcecode.swift; path = CharacterInfoVC.swift; sourceTree = "<group>"; };
		84F68E682382C764001FFF08 /* EpisodeInfo.swift */ = {isa = PBXFileReference; lastKnownFileType = sourcecode.swift; path = EpisodeInfo.swift; sourceTree = "<group>"; };
		84F68E6A2382C99A001FFF08 /* EpisodeCell.swift */ = {isa = PBXFileReference; lastKnownFileType = sourcecode.swift; path = EpisodeCell.swift; sourceTree = "<group>"; };
/* End PBXFileReference section */

/* Begin PBXFrameworksBuildPhase section */
		8456F302237ED3A7003E12F8 /* Frameworks */ = {
			isa = PBXFrameworksBuildPhase;
			buildActionMask = 2147483647;
			files = (
			);
			runOnlyForDeploymentPostprocessing = 0;
		};
/* End PBXFrameworksBuildPhase section */

/* Begin PBXGroup section */
		8456F2FC237ED3A7003E12F8 = {
			isa = PBXGroup;
			children = (
				8456F307237ED3A7003E12F8 /* RickAndMortyApp */,
				8456F306237ED3A7003E12F8 /* Products */,
			);
			sourceTree = "<group>";
		};
		8456F306237ED3A7003E12F8 /* Products */ = {
			isa = PBXGroup;
			children = (
				8456F305237ED3A7003E12F8 /* RickAndMortyApp.app */,
			);
			name = Products;
			sourceTree = "<group>";
		};
		8456F307237ED3A7003E12F8 /* RickAndMortyApp */ = {
			isa = PBXGroup;
			children = (
				8456F308237ED3A7003E12F8 /* AppDelegate.swift */,
				8456F30A237ED3A7003E12F8 /* SceneDelegate.swift */,
				8456F30C237ED3A7003E12F8 /* ViewController.swift */,
				8456F30E237ED3A8003E12F8 /* Main.storyboard */,
				8456F311237ED3AB003E12F8 /* Assets.xcassets */,
				8456F313237ED3AB003E12F8 /* LaunchScreen.storyboard */,
				8456F316237ED3AB003E12F8 /* Info.plist */,
				84D6ECC22381332B004D33F7 /* CharacterCell.swift */,
				84D6ECC423813870004D33F7 /* ApiInfo.swift */,
				84D6ECC62381395A004D33F7 /* CharacterInfo.swift */,
				84D6ECC823813A8B004D33F7 /* PageInfo.swift */,
				84F68E662382C31B001FFF08 /* CharacterInfoVC.swift */,
				84F68E682382C764001FFF08 /* EpisodeInfo.swift */,
				84F68E6A2382C99A001FFF08 /* EpisodeCell.swift */,
			);
			path = RickAndMortyApp;
			sourceTree = "<group>";
		};
/* End PBXGroup section */

/* Begin PBXNativeTarget section */
		8456F304237ED3A7003E12F8 /* RickAndMortyApp */ = {
			isa = PBXNativeTarget;
			buildConfigurationList = 8456F319237ED3AB003E12F8 /* Build configuration list for PBXNativeTarget "RickAndMortyApp" */;
			buildPhases = (
				8456F301237ED3A7003E12F8 /* Sources */,
				8456F302237ED3A7003E12F8 /* Frameworks */,
				8456F303237ED3A7003E12F8 /* Resources */,
			);
			buildRules = (
			);
			dependencies = (
			);
			name = RickAndMortyApp;
			productName = RickAndMortyApp;
			productReference = 8456F305237ED3A7003E12F8 /* RickAndMortyApp.app */;
			productType = "com.apple.product-type.application";
		};
/* End PBXNativeTarget section */

/* Begin PBXProject section */
		8456F2FD237ED3A7003E12F8 /* Project object */ = {
			isa = PBXProject;
			attributes = {
				LastSwiftUpdateCheck = 1120;
				LastUpgradeCheck = 1120;
				ORGANIZATIONNAME = Xelwow;
				TargetAttributes = {
					8456F304237ED3A7003E12F8 = {
						CreatedOnToolsVersion = 11.2.1;
					};
				};
			};
			buildConfigurationList = 8456F300237ED3A7003E12F8 /* Build configuration list for PBXProject "RickAndMortyApp" */;
			compatibilityVersion = "Xcode 9.3";
			developmentRegion = en;
			hasScannedForEncodings = 0;
			knownRegions = (
				en,
				Base,
			);
			mainGroup = 8456F2FC237ED3A7003E12F8;
			productRefGroup = 8456F306237ED3A7003E12F8 /* Products */;
			projectDirPath = "";
			projectRoot = "";
			targets = (
				8456F304237ED3A7003E12F8 /* RickAndMortyApp */,
			);
		};
/* End PBXProject section */

/* Begin PBXResourcesBuildPhase section */
		8456F303237ED3A7003E12F8 /* Resources */ = {
			isa = PBXResourcesBuildPhase;
			buildActionMask = 2147483647;
			files = (
				8456F315237ED3AB003E12F8 /* LaunchScreen.storyboard in Resources */,
				8456F312237ED3AB003E12F8 /* Assets.xcassets in Resources */,
				8456F310237ED3A8003E12F8 /* Main.storyboard in Resources */,
			);
			runOnlyForDeploymentPostprocessing = 0;
		};
/* End PBXResourcesBuildPhase section */

/* Begin PBXSourcesBuildPhase section */
		8456F301237ED3A7003E12F8 /* Sources */ = {
			isa = PBXSourcesBuildPhase;
			buildActionMask = 2147483647;
			files = (
				84D6ECC923813A8B004D33F7 /* PageInfo.swift in Sources */,
				84F68E692382C764001FFF08 /* EpisodeInfo.swift in Sources */,
				8456F30D237ED3A7003E12F8 /* ViewController.swift in Sources */,
				84F68E6B2382C99A001FFF08 /* EpisodeCell.swift in Sources */,
				8456F309237ED3A7003E12F8 /* AppDelegate.swift in Sources */,
				8456F30B237ED3A7003E12F8 /* SceneDelegate.swift in Sources */,
				84D6ECC72381395A004D33F7 /* CharacterInfo.swift in Sources */,
				84D6ECC32381332B004D33F7 /* CharacterCell.swift in Sources */,
				84F68E672382C31B001FFF08 /* CharacterInfoVC.swift in Sources */,
				84D6ECC523813870004D33F7 /* ApiInfo.swift in Sources */,
			);
			runOnlyForDeploymentPostprocessing = 0;
		};
/* End PBXSourcesBuildPhase section */

/* Begin PBXVariantGroup section */
		8456F30E237ED3A8003E12F8 /* Main.storyboard */ = {
			isa = PBXVariantGroup;
			children = (
				8456F30F237ED3A8003E12F8 /* Base */,
			);
			name = Main.storyboard;
			sourceTree = "<group>";
		};
		8456F313237ED3AB003E12F8 /* LaunchScreen.storyboard */ = {
			isa = PBXVariantGroup;
			children = (
				8456F314237ED3AB003E12F8 /* Base */,
			);
			name = LaunchScreen.storyboard;
			sourceTree = "<group>";
		};
/* End PBXVariantGroup section */

/* Begin XCBuildConfiguration section */
		8456F317237ED3AB003E12F8 /* Debug */ = {
			isa = XCBuildConfiguration;
			buildSettings = {
				ALWAYS_SEARCH_USER_PATHS = NO;
				CLANG_ANALYZER_NONNULL = YES;
				CLANG_ANALYZER_NUMBER_OBJECT_CONVERSION = YES_AGGRESSIVE;
				CLANG_CXX_LANGUAGE_STANDARD = "gnu++14";
				CLANG_CXX_LIBRARY = "libc++";
				CLANG_ENABLE_MODULES = YES;
				CLANG_ENABLE_OBJC_ARC = YES;
				CLANG_ENABLE_OBJC_WEAK = YES;
				CLANG_WARN_BLOCK_CAPTURE_AUTORELEASING = YES;
				CLANG_WARN_BOOL_CONVERSION = YES;
				CLANG_WARN_COMMA = YES;
				CLANG_WARN_CONSTANT_CONVERSION = YES;
				CLANG_WARN_DEPRECATED_OBJC_IMPLEMENTATIONS = YES;
				CLANG_WARN_DIRECT_OBJC_ISA_USAGE = YES_ERROR;
				CLANG_WARN_DOCUMENTATION_COMMENTS = YES;
				CLANG_WARN_EMPTY_BODY = YES;
				CLANG_WARN_ENUM_CONVERSION = YES;
				CLANG_WARN_INFINITE_RECURSION = YES;
				CLANG_WARN_INT_CONVERSION = YES;
				CLANG_WARN_NON_LITERAL_NULL_CONVERSION = YES;
				CLANG_WARN_OBJC_IMPLICIT_RETAIN_SELF = YES;
				CLANG_WARN_OBJC_LITERAL_CONVERSION = YES;
				CLANG_WARN_OBJC_ROOT_CLASS = YES_ERROR;
				CLANG_WARN_RANGE_LOOP_ANALYSIS = YES;
				CLANG_WARN_STRICT_PROTOTYPES = YES;
				CLANG_WARN_SUSPICIOUS_MOVE = YES;
				CLANG_WARN_UNGUARDED_AVAILABILITY = YES_AGGRESSIVE;
				CLANG_WARN_UNREACHABLE_CODE = YES;
				CLANG_WARN__DUPLICATE_METHOD_MATCH = YES;
				COPY_PHASE_STRIP = NO;
				DEBUG_INFORMATION_FORMAT = dwarf;
				ENABLE_STRICT_OBJC_MSGSEND = YES;
				ENABLE_TESTABILITY = YES;
				GCC_C_LANGUAGE_STANDARD = gnu11;
				GCC_DYNAMIC_NO_PIC = NO;
				GCC_NO_COMMON_BLOCKS = YES;
				GCC_OPTIMIZATION_LEVEL = 0;
				GCC_PREPROCESSOR_DEFINITIONS = (
					"DEBUG=1",
					"$(inherited)",
				);
				GCC_WARN_64_TO_32_BIT_CONVERSION = YES;
				GCC_WARN_ABOUT_RETURN_TYPE = YES_ERROR;
				GCC_WARN_UNDECLARED_SELECTOR = YES;
				GCC_WARN_UNINITIALIZED_AUTOS = YES_AGGRESSIVE;
				GCC_WARN_UNUSED_FUNCTION = YES;
				GCC_WARN_UNUSED_VARIABLE = YES;
				IPHONEOS_DEPLOYMENT_TARGET = 13.2;
				MTL_ENABLE_DEBUG_INFO = INCLUDE_SOURCE;
				MTL_FAST_MATH = YES;
				ONLY_ACTIVE_ARCH = YES;
				SDKROOT = iphoneos;
				SWIFT_ACTIVE_COMPILATION_CONDITIONS = DEBUG;
				SWIFT_OPTIMIZATION_LEVEL = "-Onone";
			};
			name = Debug;
		};
		8456F318237ED3AB003E12F8 /* Release */ = {
			isa = XCBuildConfiguration;
			buildSettings = {
				ALWAYS_SEARCH_USER_PATHS = NO;
				CLANG_ANALYZER_NONNULL = YES;
				CLANG_ANALYZER_NUMBER_OBJECT_CONVERSION = YES_AGGRESSIVE;
				CLANG_CXX_LANGUAGE_STANDARD = "gnu++14";
				CLANG_CXX_LIBRARY = "libc++";
				CLANG_ENABLE_MODULES = YES;
				CLANG_ENABLE_OBJC_ARC = YES;
				CLANG_ENABLE_OBJC_WEAK = YES;
				CLANG_WARN_BLOCK_CAPTURE_AUTORELEASING = YES;
				CLANG_WARN_BOOL_CONVERSION = YES;
				CLANG_WARN_COMMA = YES;
				CLANG_WARN_CONSTANT_CONVERSION = YES;
				CLANG_WARN_DEPRECATED_OBJC_IMPLEMENTATIONS = YES;
				CLANG_WARN_DIRECT_OBJC_ISA_USAGE = YES_ERROR;
				CLANG_WARN_DOCUMENTATION_COMMENTS = YES;
				CLANG_WARN_EMPTY_BODY = YES;
				CLANG_WARN_ENUM_CONVERSION = YES;
				CLANG_WARN_INFINITE_RECURSION = YES;
				CLANG_WARN_INT_CONVERSION = YES;
				CLANG_WARN_NON_LITERAL_NULL_CONVERSION = YES;
				CLANG_WARN_OBJC_IMPLICIT_RETAIN_SELF = YES;
				CLANG_WARN_OBJC_LITERAL_CONVERSION = YES;
				CLANG_WARN_OBJC_ROOT_CLASS = YES_ERROR;
				CLANG_WARN_RANGE_LOOP_ANALYSIS = YES;
				CLANG_WARN_STRICT_PROTOTYPES = YES;
				CLANG_WARN_SUSPICIOUS_MOVE = YES;
				CLANG_WARN_UNGUARDED_AVAILABILITY = YES_AGGRESSIVE;
				CLANG_WARN_UNREACHABLE_CODE = YES;
				CLANG_WARN__DUPLICATE_METHOD_MATCH = YES;
				COPY_PHASE_STRIP = NO;
				DEBUG_INFORMATION_FORMAT = "dwarf-with-dsym";
				ENABLE_NS_ASSERTIONS = NO;
				ENABLE_STRICT_OBJC_MSGSEND = YES;
				GCC_C_LANGUAGE_STANDARD = gnu11;
				GCC_NO_COMMON_BLOCKS = YES;
				GCC_WARN_64_TO_32_BIT_CONVERSION = YES;
				GCC_WARN_ABOUT_RETURN_TYPE = YES_ERROR;
				GCC_WARN_UNDECLARED_SELECTOR = YES;
				GCC_WARN_UNINITIALIZED_AUTOS = YES_AGGRESSIVE;
				GCC_WARN_UNUSED_FUNCTION = YES;
				GCC_WARN_UNUSED_VARIABLE = YES;
				IPHONEOS_DEPLOYMENT_TARGET = 13.2;
				MTL_ENABLE_DEBUG_INFO = NO;
				MTL_FAST_MATH = YES;
				SDKROOT = iphoneos;
				SWIFT_COMPILATION_MODE = wholemodule;
				SWIFT_OPTIMIZATION_LEVEL = "-O";
				VALIDATE_PRODUCT = YES;
			};
			name = Release;
		};
		8456F31A237ED3AB003E12F8 /* Debug */ = {
			isa = XCBuildConfiguration;
			buildSettings = {
				ASSETCATALOG_COMPILER_APPICON_NAME = AppIcon;
				CODE_SIGN_STYLE = Automatic;
				DEVELOPMENT_TEAM = 7DQW5Q6VCG;
				INFOPLIST_FILE = RickAndMortyApp/Info.plist;
				IPHONEOS_DEPLOYMENT_TARGET = 12.0;
				LD_RUNPATH_SEARCH_PATHS = (
					"$(inherited)",
					"@executable_path/Frameworks",
				);
				PRODUCT_BUNDLE_IDENTIFIER = Xelwow.RickAndMortyApp;
				PRODUCT_NAME = "$(TARGET_NAME)";
				SWIFT_VERSION = 5.0;
				TARGETED_DEVICE_FAMILY = 1;
			};
			name = Debug;
		};
		8456F31B237ED3AB003E12F8 /* Release */ = {
			isa = XCBuildConfiguration;
			buildSettings = {
				ASSETCATALOG_COMPILER_APPICON_NAME = AppIcon;
				CODE_SIGN_STYLE = Automatic;
				DEVELOPMENT_TEAM = 7DQW5Q6VCG;
				INFOPLIST_FILE = RickAndMortyApp/Info.plist;
				IPHONEOS_DEPLOYMENT_TARGET = 12.0;
				LD_RUNPATH_SEARCH_PATHS = (
					"$(inherited)",
					"@executable_path/Frameworks",
				);
				PRODUCT_BUNDLE_IDENTIFIER = Xelwow.RickAndMortyApp;
				PRODUCT_NAME = "$(TARGET_NAME)";
				SWIFT_VERSION = 5.0;
				TARGETED_DEVICE_FAMILY = 1;
			};
			name = Release;
		};
/* End XCBuildConfiguration section */

/* Begin XCConfigurationList section */
		8456F300237ED3A7003E12F8 /* Build configuration list for PBXProject "RickAndMortyApp" */ = {
			isa = XCConfigurationList;
			buildConfigurations = (
				8456F317237ED3AB003E12F8 /* Debug */,
				8456F318237ED3AB003E12F8 /* Release */,
			);
			defaultConfigurationIsVisible = 0;
			defaultConfigurationName = Release;
		};
		8456F319237ED3AB003E12F8 /* Build configuration list for PBXNativeTarget "RickAndMortyApp" */ = {
			isa = XCConfigurationList;
			buildConfigurations = (
				8456F31A237ED3AB003E12F8 /* Debug */,
				8456F31B237ED3AB003E12F8 /* Release */,
			);
			defaultConfigurationIsVisible = 0;
			defaultConfigurationName = Release;
		};
/* End XCConfigurationList section */
	};
	rootObject = 8456F2FD237ED3A7003E12F8 /* Project object */;
}
